
Microsoft Visual Studio Solution File, Format Version 12.00
# Visual Studio Version 17
VisualStudioVersion = 17.0.31903.59
MinimumVisualStudioVersion = 10.0.40219.1
Project("{FAE04EC0-301F-11D3-BF4B-00C04F79EFBC}") = "LengthOfString.Test", "LengthOfString.Test\LengthOfString.Test.csproj", "{A0341C30-0BAF-4EED-B23E-7CA96F850BE4}"
EndProject
Project("{FAE04EC0-301F-11D3-BF4B-00C04F79EFBC}") = "LengthOfString.App", "LengthOfString.App\LengthOfString.App.csproj", "{AE938982-8D96-4FA9-81BA-2CF9A54C6C6E}"
EndProject
Project("{FAE04EC0-301F-11D3-BF4B-00C04F79EFBC}") = "LengthOfString.Core", "LengthOfString.Core\LengthOfString.Core.csproj", "{9C28E8C5-FA2D-4CDA-AB61-F4101EE40BF5}"
EndProject
Global
	GlobalSection(SolutionConfigurationPlatforms) = preSolution
		Debug|Any CPU = Debug|Any CPU
		Release|Any CPU = Release|Any CPU
	EndGlobalSection
	GlobalSection(ProjectConfigurationPlatforms) = postSolution
		{A0341C30-0BAF-4EED-B23E-7CA96F850BE4}.Debug|Any CPU.ActiveCfg = Debug|Any CPU
		{A0341C30-0BAF-4EED-B23E-7CA96F850BE4}.Debug|Any CPU.Build.0 = Debug|Any CPU
		{A0341C30-0BAF-4EED-B23E-7CA96F850BE4}.Release|Any CPU.ActiveCfg = Release|Any CPU
		{A0341C30-0BAF-4EED-B23E-7CA96F850BE4}.Release|Any CPU.Build.0 = Release|Any CPU
		{AE938982-8D96-4FA9-81BA-2CF9A54C6C6E}.Debug|Any CPU.ActiveCfg = Debug|Any CPU
		{AE938982-8D96-4FA9-81BA-2CF9A54C6C6E}.Debug|Any CPU.Build.0 = Debug|Any CPU
		{AE938982-8D96-4FA9-81BA-2CF9A54C6C6E}.Release|Any CPU.ActiveCfg = Release|Any CPU
		{AE938982-8D96-4FA9-81BA-2CF9A54C6C6E}.Release|Any CPU.Build.0 = Release|Any CPU
		{9C28E8C5-FA2D-4CDA-AB61-F4101EE40BF5}.Debug|Any CPU.ActiveCfg = Debug|Any CPU
		{9C28E8C5-FA2D-4CDA-AB61-F4101EE40BF5}.Debug|Any CPU.Build.0 = Debug|Any CPU
		{9C28E8C5-FA2D-4CDA-AB61-F4101EE40BF5}.Release|Any CPU.ActiveCfg = Release|Any CPU
		{9C28E8C5-FA2D-4CDA-AB61-F4101EE40BF5}.Release|Any CPU.Build.0 = Release|Any CPU
	EndGlobalSection
	GlobalSection(SolutionProperties) = preSolution
		HideSolutionNode = FALSE
	EndGlobalSection
	GlobalSection(ExtensibilityGlobals) = postSolution
		SolutionGuid = {360F5CDD-3464-4B4D-BD63-D837F40478D6}
	EndGlobalSection
EndGlobal
